
Microsoft Visual Studio Solution File, Format Version 12.00
# Visual Studio 15
VisualStudioVersion = 15.0.26730.16
MinimumVisualStudioVersion = 10.0.40219.1
Project("{FAE04EC0-301F-11D3-BF4B-00C04F79EFBC}") = "FileScanner.ConsoleApplication", "FileScanner.ConsoleApplication\FileScanner.ConsoleApplication.csproj", "{2D374D14-2163-4553-95BB-779DC491C146}"
EndProject
Global
	GlobalSection(SolutionConfigurationPlatforms) = preSolution
		Debug|Any CPU = Debug|Any CPU
		Release|Any CPU = Release|Any CPU
	EndGlobalSection
	GlobalSection(ProjectConfigurationPlatforms) = postSolution
		{2D374D14-2163-4553-95BB-779DC491C146}.Debug|Any CPU.ActiveCfg = Debug|Any CPU
		{2D374D14-2163-4553-95BB-779DC491C146}.Debug|Any CPU.Build.0 = Debug|Any CPU
		{2D374D14-2163-4553-95BB-779DC491C146}.Release|Any CPU.ActiveCfg = Release|Any CPU
		{2D374D14-2163-4553-95BB-779DC491C146}.Release|Any CPU.Build.0 = Release|Any CPU
	EndGlobalSection
	GlobalSection(SolutionProperties) = preSolution
		HideSolutionNode = FALSE
	EndGlobalSection
	GlobalSection(ExtensibilityGlobals) = postSolution
		SolutionGuid = {3DD62A17-4E33-4B8D-826E-CE8576903481}
	EndGlobalSection
EndGlobal
